Microsoft Visual Studio Solution File, Format Version 12.00
# Visual Studio Version 17
VisualStudioVersion = 17.13.35919.96
MinimumVisualStudioVersion = 10.0.40219.1
Project("{8BC9CEB8-8B4A-11D0-8D11-00A0C91BC942}") = "chapter_2", "chapter_2\chapter_2.vcxproj", "{D30C6765-221F-4488-89CA-5E9C8256FB92}"
EndProject
Project("{8BC9CEB8-8B4A-11D0-8D11-00A0C91BC942}") = "chapter_3", "chapter_3\chapter_3.vcxproj", "{0EBF4F66-38CD-4A46-A00E-16215CD13A23}"
EndProject
Project("{8BC9CEB8-8B4A-11D0-8D11-00A0C91BC942}") = "chapter_1", "chapter_1\chapter_1.vcxproj", "{3BCBF3B4-B4C2-49D8-8709-B2559CA43B40}"
EndProject
Global
	GlobalSection(SolutionConfigurationPlatforms) = preSolution
		Debug|x64 = Debug|x64
		Debug|x86 = Debug|x86
		Release|x64 = Release|x64
		Release|x86 = Release|x86
	EndGlobalSection
	GlobalSection(ProjectConfigurationPlatforms) = postSolution
		{D30C6765-221F-4488-89CA-5E9C8256FB92}.Debug|x64.ActiveCfg = Debug|x64
		{D30C6765-221F-4488-89CA-5E9C8256FB92}.Debug|x64.Build.0 = Debug|x64
		{D30C6765-221F-4488-89CA-5E9C8256FB92}.Debug|x86.ActiveCfg = Debug|Win32
		{D30C6765-221F-4488-89CA-5E9C8256FB92}.Debug|x86.Build.0 = Debug|Win32
		{D30C6765-221F-4488-89CA-5E9C8256FB92}.Release|x64.ActiveCfg = Release|x64
		{D30C6765-221F-4488-89CA-5E9C8256FB92}.Release|x64.Build.0 = Release|x64
		{D30C6765-221F-4488-89CA-5E9C8256FB92}.Release|x86.ActiveCfg = Release|Win32
		{D30C6765-221F-4488-89CA-5E9C8256FB92}.Release|x86.Build.0 = Release|Win32
		{0EBF4F66-38CD-4A46-A00E-16215CD13A23}.Debug|x64.ActiveCfg = Debug|x64
		{0EBF4F66-38CD-4A46-A00E-16215CD13A23}.Debug|x64.Build.0 = Debug|x64
		{0EBF4F66-38CD-4A46-A00E-16215CD13A23}.Debug|x86.ActiveCfg = Debug|Win32
		{0EBF4F66-38CD-4A46-A00E-16215CD13A23}.Debug|x86.Build.0 = Debug|Win32
		{0EBF4F66-38CD-4A46-A00E-16215CD13A23}.Release|x64.ActiveCfg = Release|x64
		{0EBF4F66-38CD-4A46-A00E-16215CD13A23}.Release|x64.Build.0 = Release|x64
		{0EBF4F66-38CD-4A46-A00E-16215CD13A23}.Release|x86.ActiveCfg = Release|Win32
		{0EBF4F66-38CD-4A46-A00E-16215CD13A23}.Release|x86.Build.0 = Release|Win32
		{3BCBF3B4-B4C2-49D8-8709-B2559CA43B40}.Debug|x64.ActiveCfg = Debug|x64
		{3BCBF3B4-B4C2-49D8-8709-B2559CA43B40}.Debug|x64.Build.0 = Debug|x64
		{3BCBF3B4-B4C2-49D8-8709-B2559CA43B40}.Debug|x86.ActiveCfg = Debug|Win32
		{3BCBF3B4-B4C2-49D8-8709-B2559CA43B40}.Debug|x86.Build.0 = Debug|Win32
		{3BCBF3B4-B4C2-49D8-8709-B2559CA43B40}.Release|x64.ActiveCfg = Release|x64
		{3BCBF3B4-B4C2-49D8-8709-B2559CA43B40}.Release|x64.Build.0 = Release|x64
		{3BCBF3B4-B4C2-49D8-8709-B2559CA43B40}.Release|x86.ActiveCfg = Release|Win32
		{3BCBF3B4-B4C2-49D8-8709-B2559CA43B40}.Release|x86.Build.0 = Release|Win32
	EndGlobalSection
	GlobalSection(SolutionProperties) = preSolution
		HideSolutionNode = FALSE
	EndGlobalSection
	GlobalSection(ExtensibilityGlobals) = postSolution
		SolutionGuid = {38C51D38-33FF-4866-B0F2-28905FE55F7F}
	EndGlobalSection
EndGlobal
